
Microsoft Visual Studio Solution File, Format Version 12.00
# Visual Studio Version 16
VisualStudioVersion = 16.0.31424.327
MinimumVisualStudioVersion = 10.0.40219.1
Project("{9A19103F-16F7-4668-BE54-9A1E7A4F7556}") = "Business", "Business\Business.csproj", "{7BEBC8BD-DD7B-4E71-951D-974F77EDFD9D}"
EndProject
Project("{9A19103F-16F7-4668-BE54-9A1E7A4F7556}") = "DataAccess", "DataAccess\DataAccess.csproj", "{FE1A037E-1F13-43AC-89F5-40DDE0475FC2}"
EndProject
Project("{9A19103F-16F7-4668-BE54-9A1E7A4F7556}") = "Entitiy", "Entitiy\Entitiy.csproj", "{2613A0FA-843B-48C6-B670-DC8DA6AE6220}"
EndProject
Project("{FAE04EC0-301F-11D3-BF4B-00C04F79EFBC}") = "ConsoleUI", "ConsoleUI\ConsoleUI.csproj", "{95F69B3C-E7F6-414E-A321-5AE5DA20D2B5}"
EndProject
Global
	GlobalSection(SolutionConfigurationPlatforms) = preSolution
		Debug|Any CPU = Debug|Any CPU
		Release|Any CPU = Release|Any CPU
	EndGlobalSection
	GlobalSection(ProjectConfigurationPlatforms) = postSolution
		{7BEBC8BD-DD7B-4E71-951D-974F77EDFD9D}.Debug|Any CPU.ActiveCfg = Debug|Any CPU
		{7BEBC8BD-DD7B-4E71-951D-974F77EDFD9D}.Debug|Any CPU.Build.0 = Debug|Any CPU
		{7BEBC8BD-DD7B-4E71-951D-974F77EDFD9D}.Release|Any CPU.ActiveCfg = Release|Any CPU
		{7BEBC8BD-DD7B-4E71-951D-974F77EDFD9D}.Release|Any CPU.Build.0 = Release|Any CPU
		{FE1A037E-1F13-43AC-89F5-40DDE0475FC2}.Debug|Any CPU.ActiveCfg = Debug|Any CPU
		{FE1A037E-1F13-43AC-89F5-40DDE0475FC2}.Debug|Any CPU.Build.0 = Debug|Any CPU
		{FE1A037E-1F13-43AC-89F5-40DDE0475FC2}.Release|Any CPU.ActiveCfg = Release|Any CPU
		{FE1A037E-1F13-43AC-89F5-40DDE0475FC2}.Release|Any CPU.Build.0 = Release|Any CPU
		{2613A0FA-843B-48C6-B670-DC8DA6AE6220}.Debug|Any CPU.ActiveCfg = Debug|Any CPU
		{2613A0FA-843B-48C6-B670-DC8DA6AE6220}.Debug|Any CPU.Build.0 = Debug|Any CPU
		{2613A0FA-843B-48C6-B670-DC8DA6AE6220}.Release|Any CPU.ActiveCfg = Release|Any CPU
		{2613A0FA-843B-48C6-B670-DC8DA6AE6220}.Release|Any CPU.Build.0 = Release|Any CPU
		{95F69B3C-E7F6-414E-A321-5AE5DA20D2B5}.Debug|Any CPU.ActiveCfg = Debug|Any CPU
		{95F69B3C-E7F6-414E-A321-5AE5DA20D2B5}.Debug|Any CPU.Build.0 = Debug|Any CPU
		{95F69B3C-E7F6-414E-A321-5AE5DA20D2B5}.Release|Any CPU.ActiveCfg = Release|Any CPU
		{95F69B3C-E7F6-414E-A321-5AE5DA20D2B5}.Release|Any CPU.Build.0 = Release|Any CPU
	EndGlobalSection
	GlobalSection(SolutionProperties) = preSolution
		HideSolutionNode = FALSE
	EndGlobalSection
	GlobalSection(ExtensibilityGlobals) = postSolution
		SolutionGuid = {39FD982A-33AB-4ED6-948E-FBA4D752C25D}
	EndGlobalSection
EndGlobal
