
Microsoft Visual Studio Solution File, Format Version 12.00
# Visual Studio Version 16
VisualStudioVersion = 16.0.31424.327
MinimumVisualStudioVersion = 10.0.40219.1
Project("{9A19103F-16F7-4668-BE54-9A1E7A4F7556}") = "ConsoleUI", "ConsoleUI\ConsoleUI.csproj", "{95F69B3C-E7F6-414E-A321-5AE5DA20D2B5}"
EndProject
Project("{9A19103F-16F7-4668-BE54-9A1E7A4F7556}") = "Entities", "Entities\Entities.csproj", "{3E4C7721-CC8C-4819-BC7C-9819D0E01A21}"
EndProject
Project("{9A19103F-16F7-4668-BE54-9A1E7A4F7556}") = "Business", "Business\Business.csproj", "{8A42EE3E-C33A-4DEF-B040-76592D7DAB46}"
EndProject
Project("{9A19103F-16F7-4668-BE54-9A1E7A4F7556}") = "DataAccess", "DataAccess\DataAccess.csproj", "{1CE46644-4C6F-403B-A207-2E6AF97846C3}"
EndProject
Project("{FAE04EC0-301F-11D3-BF4B-00C04F79EFBC}") = "Core", "Core\Core.csproj", "{F475A721-5A2C-4649-A7EB-5B362A81C6A4}"
EndProject
Global
	GlobalSection(SolutionConfigurationPlatforms) = preSolution
		Debug|Any CPU = Debug|Any CPU
		Release|Any CPU = Release|Any CPU
	EndGlobalSection
	GlobalSection(ProjectConfigurationPlatforms) = postSolution
		{95F69B3C-E7F6-414E-A321-5AE5DA20D2B5}.Debug|Any CPU.ActiveCfg = Debug|Any CPU
		{95F69B3C-E7F6-414E-A321-5AE5DA20D2B5}.Debug|Any CPU.Build.0 = Debug|Any CPU
		{95F69B3C-E7F6-414E-A321-5AE5DA20D2B5}.Release|Any CPU.ActiveCfg = Release|Any CPU
		{95F69B3C-E7F6-414E-A321-5AE5DA20D2B5}.Release|Any CPU.Build.0 = Release|Any CPU
		{3E4C7721-CC8C-4819-BC7C-9819D0E01A21}.Debug|Any CPU.ActiveCfg = Debug|Any CPU
		{3E4C7721-CC8C-4819-BC7C-9819D0E01A21}.Debug|Any CPU.Build.0 = Debug|Any CPU
		{3E4C7721-CC8C-4819-BC7C-9819D0E01A21}.Release|Any CPU.ActiveCfg = Release|Any CPU
		{3E4C7721-CC8C-4819-BC7C-9819D0E01A21}.Release|Any CPU.Build.0 = Release|Any CPU
		{8A42EE3E-C33A-4DEF-B040-76592D7DAB46}.Debug|Any CPU.ActiveCfg = Debug|Any CPU
		{8A42EE3E-C33A-4DEF-B040-76592D7DAB46}.Debug|Any CPU.Build.0 = Debug|Any CPU
		{8A42EE3E-C33A-4DEF-B040-76592D7DAB46}.Release|Any CPU.ActiveCfg = Release|Any CPU
		{8A42EE3E-C33A-4DEF-B040-76592D7DAB46}.Release|Any CPU.Build.0 = Release|Any CPU
		{1CE46644-4C6F-403B-A207-2E6AF97846C3}.Debug|Any CPU.ActiveCfg = Debug|Any CPU
		{1CE46644-4C6F-403B-A207-2E6AF97846C3}.Debug|Any CPU.Build.0 = Debug|Any CPU
		{1CE46644-4C6F-403B-A207-2E6AF97846C3}.Release|Any CPU.ActiveCfg = Release|Any CPU
		{1CE46644-4C6F-403B-A207-2E6AF97846C3}.Release|Any CPU.Build.0 = Release|Any CPU
		{F475A721-5A2C-4649-A7EB-5B362A81C6A4}.Debug|Any CPU.ActiveCfg = Debug|Any CPU
		{F475A721-5A2C-4649-A7EB-5B362A81C6A4}.Debug|Any CPU.Build.0 = Debug|Any CPU
		{F475A721-5A2C-4649-A7EB-5B362A81C6A4}.Release|Any CPU.ActiveCfg = Release|Any CPU
		{F475A721-5A2C-4649-A7EB-5B362A81C6A4}.Release|Any CPU.Build.0 = Release|Any CPU
	EndGlobalSection
	GlobalSection(SolutionProperties) = preSolution
		HideSolutionNode = FALSE
	EndGlobalSection
	GlobalSection(ExtensibilityGlobals) = postSolution
		SolutionGuid = {39FD982A-33AB-4ED6-948E-FBA4D752C25D}
	EndGlobalSection
EndGlobal
